// !$*UTF8*$!
{
	archiveVersion = 1;
	classes = {
	};
	objectVersion = 50;
	objects = {

/* Begin PBXBuildFile section */
		AA311C6123D383C500FB1C0D /* BTCentralManager.swift in Sources */ = {isa = PBXBuildFile; fileRef = AA311C6023D383C500FB1C0D /* BTCentralManager.swift */; };
		AA3FBFDD23DCDE9D0078CAC9 /* InfomationServices.swift in Sources */ = {isa = PBXBuildFile; fileRef = AA3FBFDC23DCDE9D0078CAC9 /* InfomationServices.swift */; };
		AA3FBFF423E00BBC0078CAC9 /* README.md in Resources */ = {isa = PBXBuildFile; fileRef = AA3FBFF323E00BBC0078CAC9 /* README.md */; };
		AAE6054623CF708F00DB143D /* AppDelegate.swift in Sources */ = {isa = PBXBuildFile; fileRef = AAE6054523CF708F00DB143D /* AppDelegate.swift */; };
		AAE6054823CF708F00DB143D /* ViewController.swift in Sources */ = {isa = PBXBuildFile; fileRef = AAE6054723CF708F00DB143D /* ViewController.swift */; };
		AAE6054A23CF709000DB143D /* Assets.xcassets in Resources */ = {isa = PBXBuildFile; fileRef = AAE6054923CF709000DB143D /* Assets.xcassets */; };
		AAE6054D23CF709000DB143D /* Main.storyboard in Resources */ = {isa = PBXBuildFile; fileRef = AAE6054B23CF709000DB143D /* Main.storyboard */; };
		AAE6055923CF709000DB143D /* testTests.swift in Sources */ = {isa = PBXBuildFile; fileRef = AAE6055823CF709000DB143D /* testTests.swift */; };
		AAE6056423CF709000DB143D /* testUITests.swift in Sources */ = {isa = PBXBuildFile; fileRef = AAE6056323CF709000DB143D /* testUITests.swift */; };
		AAE6057223CF727300DB143D /* Const.swift in Sources */ = {isa = PBXBuildFile; fileRef = AAE6057123CF727300DB143D /* Const.swift */; };
		AAE6057423CF7A3100DB143D /* BTmanager.swift in Sources */ = {isa = PBXBuildFile; fileRef = AAE6057323CF7A3100DB143D /* BTmanager.swift */; };
		AAE6057623DB571000DB143D /* HIDServices.swift in Sources */ = {isa = PBXBuildFile; fileRef = AAE6057523DB571000DB143D /* HIDServices.swift */; };
/* End PBXBuildFile section */

/* Begin PBXContainerItemProxy section */
		AAE6055523CF709000DB143D /* PBXContainerItemProxy */ = {
			isa = PBXContainerItemProxy;
			containerPortal = AAE6053A23CF708F00DB143D /* Project object */;
			proxyType = 1;
			remoteGlobalIDString = AAE6054123CF708F00DB143D;
			remoteInfo = test;
		};
		AAE6056023CF709000DB143D /* PBXContainerItemProxy */ = {
			isa = PBXContainerItemProxy;
			containerPortal = AAE6053A23CF708F00DB143D /* Project object */;
			proxyType = 1;
			remoteGlobalIDString = AAE6054123CF708F00DB143D;
			remoteInfo = test;
		};
/* End PBXContainerItemProxy section */

/* Begin PBXFileReference section */
		AA311C6023D383C500FB1C0D /* BTCentralManager.swift */ = {isa = PBXFileReference; lastKnownFileType = sourcecode.swift; path = BTCentralManager.swift; sourceTree = "<group>"; };
		AA3FBFDC23DCDE9D0078CAC9 /* InfomationServices.swift */ = {isa = PBXFileReference; lastKnownFileType = sourcecode.swift; path = InfomationServices.swift; sourceTree = "<group>"; };
		AA3FBFF323E00BBC0078CAC9 /* README.md */ = {isa = PBXFileReference; lastKnownFileType = net.daringfireball.markdown; path = README.md; sourceTree = "<group>"; };
		AAE6054223CF708F00DB143D /* test.app */ = {isa = PBXFileReference; explicitFileType = wrapper.application; includeInIndex = 0; path = test.app; sourceTree = BUILT_PRODUCTS_DIR; };
		AAE6054523CF708F00DB143D /* AppDelegate.swift */ = {isa = PBXFileReference; lastKnownFileType = sourcecode.swift; path = AppDelegate.swift; sourceTree = "<group>"; };
		AAE6054723CF708F00DB143D /* ViewController.swift */ = {isa = PBXFileReference; lastKnownFileType = sourcecode.swift; path = ViewController.swift; sourceTree = "<group>"; };
		AAE6054923CF709000DB143D /* Assets.xcassets */ = {isa = PBXFileReference; lastKnownFileType = folder.assetcatalog; path = Assets.xcassets; sourceTree = "<group>"; };
		AAE6054C23CF709000DB143D /* Base */ = {isa = PBXFileReference; lastKnownFileType = file.storyboard; name = Base; path = Base.lproj/Main.storyboard; sourceTree = "<group>"; };
		AAE6054E23CF709000DB143D /* Info.plist */ = {isa = PBXFileReference; lastKnownFileType = text.plist.xml; path = Info.plist; sourceTree = "<group>"; };
		AAE6054F23CF709000DB143D /* test.entitlements */ = {isa = PBXFileReference; lastKnownFileType = text.plist.entitlements; path = test.entitlements; sourceTree = "<group>"; };
		AAE6055423CF709000DB143D /* testTests.xctest */ = {isa = PBXFileReference; explicitFileType = wrapper.cfbundle; includeInIndex = 0; path = testTests.xctest; sourceTree = BUILT_PRODUCTS_DIR; };
		AAE6055823CF709000DB143D /* testTests.swift */ = {isa = PBXFileReference; lastKnownFileType = sourcecode.swift; path = testTests.swift; sourceTree = "<group>"; };
		AAE6055A23CF709000DB143D /* Info.plist */ = {isa = PBXFileReference; lastKnownFileType = text.plist.xml; path = Info.plist; sourceTree = "<group>"; };
		AAE6055F23CF709000DB143D /* testUITests.xctest */ = {isa = PBXFileReference; explicitFileType = wrapper.cfbundle; includeInIndex = 0; path = testUITests.xctest; sourceTree = BUILT_PRODUCTS_DIR; };
		AAE6056323CF709000DB143D /* testUITests.swift */ = {isa = PBXFileReference; lastKnownFileType = sourcecode.swift; path = testUITests.swift; sourceTree = "<group>"; };
		AAE6056523CF709000DB143D /* Info.plist */ = {isa = PBXFileReference; lastKnownFileType = text.plist.xml; path = Info.plist; sourceTree = "<group>"; };
		AAE6057123CF727300DB143D /* Const.swift */ = {isa = PBXFileReference; lastKnownFileType = sourcecode.swift; path = Const.swift; sourceTree = "<group>"; };
		AAE6057323CF7A3100DB143D /* BTmanager.swift */ = {isa = PBXFileReference; lastKnownFileType = sourcecode.swift; path = BTmanager.swift; sourceTree = "<group>"; };
		AAE6057523DB571000DB143D /* HIDServices.swift */ = {isa = PBXFileReference; lastKnownFileType = sourcecode.swift; path = HIDServices.swift; sourceTree = "<group>"; };
/* End PBXFileReference section */

/* Begin PBXFrameworksBuildPhase section */
		AAE6053F23CF708F00DB143D /* Frameworks */ = {
			isa = PBXFrameworksBuildPhase;
			buildActionMask = 2147483647;
			files = (
			);
			runOnlyForDeploymentPostprocessing = 0;
		};
		AAE6055123CF709000DB143D /* Frameworks */ = {
			isa = PBXFrameworksBuildPhase;
			buildActionMask = 2147483647;
			files = (
			);
			runOnlyForDeploymentPostprocessing = 0;
		};
		AAE6055C23CF709000DB143D /* Frameworks */ = {
			isa = PBXFrameworksBuildPhase;
			buildActionMask = 2147483647;
			files = (
			);
			runOnlyForDeploymentPostprocessing = 0;
		};
/* End PBXFrameworksBuildPhase section */

/* Begin PBXGroup section */
		AAE6053923CF708F00DB143D = {
			isa = PBXGroup;
			children = (
				AA3FBFF323E00BBC0078CAC9 /* README.md */,
				AAE6054423CF708F00DB143D /* test */,
				AAE6055723CF709000DB143D /* testTests */,
				AAE6056223CF709000DB143D /* testUITests */,
				AAE6054323CF708F00DB143D /* Products */,
			);
			sourceTree = "<group>";
		};
		AAE6054323CF708F00DB143D /* Products */ = {
			isa = PBXGroup;
			children = (
				AAE6054223CF708F00DB143D /* test.app */,
				AAE6055423CF709000DB143D /* testTests.xctest */,
				AAE6055F23CF709000DB143D /* testUITests.xctest */,
			);
			name = Products;
			sourceTree = "<group>";
		};
		AAE6054423CF708F00DB143D /* test */ = {
			isa = PBXGroup;
			children = (
				AAE6054523CF708F00DB143D /* AppDelegate.swift */,
				AAE6057123CF727300DB143D /* Const.swift */,
				AAE6054B23CF709000DB143D /* Main.storyboard */,
				AAE6057823DB574500DB143D /* Views */,
				AAE6057923DB575A00DB143D /* Manager */,
				AAE6057723DB571600DB143D /* Models */,
				AA311C6023D383C500FB1C0D /* BTCentralManager.swift */,
				AAE6054923CF709000DB143D /* Assets.xcassets */,
				AAE6054E23CF709000DB143D /* Info.plist */,
				AAE6054F23CF709000DB143D /* test.entitlements */,
			);
			path = test;
			sourceTree = "<group>";
		};
		AAE6055723CF709000DB143D /* testTests */ = {
			isa = PBXGroup;
			children = (
				AAE6055823CF709000DB143D /* testTests.swift */,
				AAE6055A23CF709000DB143D /* Info.plist */,
			);
			path = testTests;
			sourceTree = "<group>";
		};
		AAE6056223CF709000DB143D /* testUITests */ = {
			isa = PBXGroup;
			children = (
				AAE6056323CF709000DB143D /* testUITests.swift */,
				AAE6056523CF709000DB143D /* Info.plist */,
			);
			path = testUITests;
			sourceTree = "<group>";
		};
		AAE6057723DB571600DB143D /* Models */ = {
			isa = PBXGroup;
			children = (
				AAE6057523DB571000DB143D /* HIDServices.swift */,
				AA3FBFDC23DCDE9D0078CAC9 /* InfomationServices.swift */,
			);
			path = Models;
			sourceTree = "<group>";
		};
		AAE6057823DB574500DB143D /* Views */ = {
			isa = PBXGroup;
			children = (
				AAE6054723CF708F00DB143D /* ViewController.swift */,
			);
			path = Views;
			sourceTree = "<group>";
		};
		AAE6057923DB575A00DB143D /* Manager */ = {
			isa = PBXGroup;
			children = (
				AAE6057323CF7A3100DB143D /* BTmanager.swift */,
			);
			path = Manager;
			sourceTree = "<group>";
		};
/* End PBXGroup section */

/* Begin PBXNativeTarget section */
		AAE6054123CF708F00DB143D /* test */ = {
			isa = PBXNativeTarget;
			buildConfigurationList = AAE6056823CF709000DB143D /* Build configuration list for PBXNativeTarget "test" */;
			buildPhases = (
				AAE6053E23CF708F00DB143D /* Sources */,
				AAE6053F23CF708F00DB143D /* Frameworks */,
				AAE6054023CF708F00DB143D /* Resources */,
			);
			buildRules = (
			);
			dependencies = (
			);
			name = test;
			productName = test;
			productReference = AAE6054223CF708F00DB143D /* test.app */;
			productType = "com.apple.product-type.application";
		};
		AAE6055323CF709000DB143D /* testTests */ = {
			isa = PBXNativeTarget;
			buildConfigurationList = AAE6056B23CF709000DB143D /* Build configuration list for PBXNativeTarget "testTests" */;
			buildPhases = (
				AAE6055023CF709000DB143D /* Sources */,
				AAE6055123CF709000DB143D /* Frameworks */,
				AAE6055223CF709000DB143D /* Resources */,
			);
			buildRules = (
			);
			dependencies = (
				AAE6055623CF709000DB143D /* PBXTargetDependency */,
			);
			name = testTests;
			productName = testTests;
			productReference = AAE6055423CF709000DB143D /* testTests.xctest */;
			productType = "com.apple.product-type.bundle.unit-test";
		};
		AAE6055E23CF709000DB143D /* testUITests */ = {
			isa = PBXNativeTarget;
			buildConfigurationList = AAE6056E23CF709000DB143D /* Build configuration list for PBXNativeTarget "testUITests" */;
			buildPhases = (
				AAE6055B23CF709000DB143D /* Sources */,
				AAE6055C23CF709000DB143D /* Frameworks */,
				AAE6055D23CF709000DB143D /* Resources */,
			);
			buildRules = (
			);
			dependencies = (
				AAE6056123CF709000DB143D /* PBXTargetDependency */,
			);
			name = testUITests;
			productName = testUITests;
			productReference = AAE6055F23CF709000DB143D /* testUITests.xctest */;
			productType = "com.apple.product-type.bundle.ui-testing";
		};
/* End PBXNativeTarget section */

/* Begin PBXProject section */
		AAE6053A23CF708F00DB143D /* Project object */ = {
			isa = PBXProject;
			attributes = {
				LastSwiftUpdateCheck = 1130;
				LastUpgradeCheck = 1130;
				ORGANIZATIONNAME = "KEISUKE MASUDA";
				TargetAttributes = {
					AAE6054123CF708F00DB143D = {
						CreatedOnToolsVersion = 11.3;
					};
					AAE6055323CF709000DB143D = {
						CreatedOnToolsVersion = 11.3;
						TestTargetID = AAE6054123CF708F00DB143D;
					};
					AAE6055E23CF709000DB143D = {
						CreatedOnToolsVersion = 11.3;
						TestTargetID = AAE6054123CF708F00DB143D;
					};
				};
			};
			buildConfigurationList = AAE6053D23CF708F00DB143D /* Build configuration list for PBXProject "test" */;
			compatibilityVersion = "Xcode 9.3";
			developmentRegion = en;
			hasScannedForEncodings = 0;
			knownRegions = (
				en,
				Base,
			);
			mainGroup = AAE6053923CF708F00DB143D;
			productRefGroup = AAE6054323CF708F00DB143D /* Products */;
			projectDirPath = "";
			projectRoot = "";
			targets = (
				AAE6054123CF708F00DB143D /* test */,
				AAE6055323CF709000DB143D /* testTests */,
				AAE6055E23CF709000DB143D /* testUITests */,
			);
		};
/* End PBXProject section */

/* Begin PBXResourcesBuildPhase section */
		AAE6054023CF708F00DB143D /* Resources */ = {
			isa = PBXResourcesBuildPhase;
			buildActionMask = 2147483647;
			files = (
				AA3FBFF423E00BBC0078CAC9 /* README.md in Resources */,
				AAE6054A23CF709000DB143D /* Assets.xcassets in Resources */,
				AAE6054D23CF709000DB143D /* Main.storyboard in Resources */,
			);
			runOnlyForDeploymentPostprocessing = 0;
		};
		AAE6055223CF709000DB143D /* Resources */ = {
			isa = PBXResourcesBuildPhase;
			buildActionMask = 2147483647;
			files = (
			);
			runOnlyForDeploymentPostprocessing = 0;
		};
		AAE6055D23CF709000DB143D /* Resources */ = {
			isa = PBXResourcesBuildPhase;
			buildActionMask = 2147483647;
			files = (
			);
			runOnlyForDeploymentPostprocessing = 0;
		};
/* End PBXResourcesBuildPhase section */

/* Begin PBXSourcesBuildPhase section */
		AAE6053E23CF708F00DB143D /* Sources */ = {
			isa = PBXSourcesBuildPhase;
			buildActionMask = 2147483647;
			files = (
				AAE6054823CF708F00DB143D /* ViewController.swift in Sources */,
				AAE6057623DB571000DB143D /* HIDServices.swift in Sources */,
				AAE6054623CF708F00DB143D /* AppDelegate.swift in Sources */,
				AA311C6123D383C500FB1C0D /* BTCentralManager.swift in Sources */,
				AA3FBFDD23DCDE9D0078CAC9 /* InfomationServices.swift in Sources */,
				AAE6057223CF727300DB143D /* Const.swift in Sources */,
				AAE6057423CF7A3100DB143D /* BTmanager.swift in Sources */,
			);
			runOnlyForDeploymentPostprocessing = 0;
		};
		AAE6055023CF709000DB143D /* Sources */ = {
			isa = PBXSourcesBuildPhase;
			buildActionMask = 2147483647;
			files = (
				AAE6055923CF709000DB143D /* testTests.swift in Sources */,
			);
			runOnlyForDeploymentPostprocessing = 0;
		};
		AAE6055B23CF709000DB143D /* Sources */ = {
			isa = PBXSourcesBuildPhase;
			buildActionMask = 2147483647;
			files = (
				AAE6056423CF709000DB143D /* testUITests.swift in Sources */,
			);
			runOnlyForDeploymentPostprocessing = 0;
		};
/* End PBXSourcesBuildPhase section */

/* Begin PBXTargetDependency section */
		AAE6055623CF709000DB143D /* PBXTargetDependency */ = {
			isa = PBXTargetDependency;
			target = AAE6054123CF708F00DB143D /* test */;
			targetProxy = AAE6055523CF709000DB143D /* PBXContainerItemProxy */;
		};
		AAE6056123CF709000DB143D /* PBXTargetDependency */ = {
			isa = PBXTargetDependency;
			target = AAE6054123CF708F00DB143D /* test */;
			targetProxy = AAE6056023CF709000DB143D /* PBXContainerItemProxy */;
		};
/* End PBXTargetDependency section */

/* Begin PBXVariantGroup section */
		AAE6054B23CF709000DB143D /* Main.storyboard */ = {
			isa = PBXVariantGroup;
			children = (
				AAE6054C23CF709000DB143D /* Base */,
			);
			name = Main.storyboard;
			sourceTree = "<group>";
		};
/* End PBXVariantGroup section */

/* Begin XCBuildConfiguration section */
		AAE6056623CF709000DB143D /* Debug */ = {
			isa = XCBuildConfiguration;
			buildSettings = {
				ALWAYS_SEARCH_USER_PATHS = NO;
				CLANG_ANALYZER_NONNULL = YES;
				CLANG_ANALYZER_NUMBER_OBJECT_CONVERSION = YES_AGGRESSIVE;
				CLANG_CXX_LANGUAGE_STANDARD = "gnu++14";
				CLANG_CXX_LIBRARY = "libc++";
				CLANG_ENABLE_MODULES = YES;
				CLANG_ENABLE_OBJC_ARC = YES;
				CLANG_ENABLE_OBJC_WEAK = YES;
				CLANG_WARN_BLOCK_CAPTURE_AUTORELEASING = YES;
				CLANG_WARN_BOOL_CONVERSION = YES;
				CLANG_WARN_COMMA = YES;
				CLANG_WARN_CONSTANT_CONVERSION = YES;
				CLANG_WARN_DEPRECATED_OBJC_IMPLEMENTATIONS = YES;
				CLANG_WARN_DIRECT_OBJC_ISA_USAGE = YES_ERROR;
				CLANG_WARN_DOCUMENTATION_COMMENTS = YES;
				CLANG_WARN_EMPTY_BODY = YES;
				CLANG_WARN_ENUM_CONVERSION = YES;
				CLANG_WARN_INFINITE_RECURSION = YES;
				CLANG_WARN_INT_CONVERSION = YES;
				CLANG_WARN_NON_LITERAL_NULL_CONVERSION = YES;
				CLANG_WARN_OBJC_IMPLICIT_RETAIN_SELF = YES;
				CLANG_WARN_OBJC_LITERAL_CONVERSION = YES;
				CLANG_WARN_OBJC_ROOT_CLASS = YES_ERROR;
				CLANG_WARN_RANGE_LOOP_ANALYSIS = YES;
				CLANG_WARN_STRICT_PROTOTYPES = YES;
				CLANG_WARN_SUSPICIOUS_MOVE = YES;
				CLANG_WARN_UNGUARDED_AVAILABILITY = YES_AGGRESSIVE;
				CLANG_WARN_UNREACHABLE_CODE = YES;
				CLANG_WARN__DUPLICATE_METHOD_MATCH = YES;
				COPY_PHASE_STRIP = NO;
				DEBUG_INFORMATION_FORMAT = dwarf;
				ENABLE_STRICT_OBJC_MSGSEND = YES;
				ENABLE_TESTABILITY = YES;
				GCC_C_LANGUAGE_STANDARD = gnu11;
				GCC_DYNAMIC_NO_PIC = NO;
				GCC_NO_COMMON_BLOCKS = YES;
				GCC_OPTIMIZATION_LEVEL = 0;
				GCC_PREPROCESSOR_DEFINITIONS = (
					"DEBUG=1",
					"$(inherited)",
				);
				GCC_WARN_64_TO_32_BIT_CONVERSION = YES;
				GCC_WARN_ABOUT_RETURN_TYPE = YES_ERROR;
				GCC_WARN_UNDECLARED_SELECTOR = YES;
				GCC_WARN_UNINITIALIZED_AUTOS = YES_AGGRESSIVE;
				GCC_WARN_UNUSED_FUNCTION = YES;
				GCC_WARN_UNUSED_VARIABLE = YES;
				MACOSX_DEPLOYMENT_TARGET = 10.15;
				MTL_ENABLE_DEBUG_INFO = INCLUDE_SOURCE;
				MTL_FAST_MATH = YES;
				ONLY_ACTIVE_ARCH = YES;
				SDKROOT = macosx;
				SWIFT_ACTIVE_COMPILATION_CONDITIONS = DEBUG;
				SWIFT_OPTIMIZATION_LEVEL = "-Onone";
			};
			name = Debug;
		};
		AAE6056723CF709000DB143D /* Release */ = {
			isa = XCBuildConfiguration;
			buildSettings = {
				ALWAYS_SEARCH_USER_PATHS = NO;
				CLANG_ANALYZER_NONNULL = YES;
				CLANG_ANALYZER_NUMBER_OBJECT_CONVERSION = YES_AGGRESSIVE;
				CLANG_CXX_LANGUAGE_STANDARD = "gnu++14";
				CLANG_CXX_LIBRARY = "libc++";
				CLANG_ENABLE_MODULES = YES;
				CLANG_ENABLE_OBJC_ARC = YES;
				CLANG_ENABLE_OBJC_WEAK = YES;
				CLANG_WARN_BLOCK_CAPTURE_AUTORELEASING = YES;
				CLANG_WARN_BOOL_CONVERSION = YES;
				CLANG_WARN_COMMA = YES;
				CLANG_WARN_CONSTANT_CONVERSION = YES;
				CLANG_WARN_DEPRECATED_OBJC_IMPLEMENTATIONS = YES;
				CLANG_WARN_DIRECT_OBJC_ISA_USAGE = YES_ERROR;
				CLANG_WARN_DOCUMENTATION_COMMENTS = YES;
				CLANG_WARN_EMPTY_BODY = YES;
				CLANG_WARN_ENUM_CONVERSION = YES;
				CLANG_WARN_INFINITE_RECURSION = YES;
				CLANG_WARN_INT_CONVERSION = YES;
				CLANG_WARN_NON_LITERAL_NULL_CONVERSION = YES;
				CLANG_WARN_OBJC_IMPLICIT_RETAIN_SELF = YES;
				CLANG_WARN_OBJC_LITERAL_CONVERSION = YES;
				CLANG_WARN_OBJC_ROOT_CLASS = YES_ERROR;
				CLANG_WARN_RANGE_LOOP_ANALYSIS = YES;
				CLANG_WARN_STRICT_PROTOTYPES = YES;
				CLANG_WARN_SUSPICIOUS_MOVE = YES;
				CLANG_WARN_UNGUARDED_AVAILABILITY = YES_AGGRESSIVE;
				CLANG_WARN_UNREACHABLE_CODE = YES;
				CLANG_WARN__DUPLICATE_METHOD_MATCH = YES;
				COPY_PHASE_STRIP = NO;
				DEBUG_INFORMATION_FORMAT = "dwarf-with-dsym";
				ENABLE_NS_ASSERTIONS = NO;
				ENABLE_STRICT_OBJC_MSGSEND = YES;
				GCC_C_LANGUAGE_STANDARD = gnu11;
				GCC_NO_COMMON_BLOCKS = YES;
				GCC_WARN_64_TO_32_BIT_CONVERSION = YES;
				GCC_WARN_ABOUT_RETURN_TYPE = YES_ERROR;
				GCC_WARN_UNDECLARED_SELECTOR = YES;
				GCC_WARN_UNINITIALIZED_AUTOS = YES_AGGRESSIVE;
				GCC_WARN_UNUSED_FUNCTION = YES;
				GCC_WARN_UNUSED_VARIABLE = YES;
				MACOSX_DEPLOYMENT_TARGET = 10.15;
				MTL_ENABLE_DEBUG_INFO = NO;
				MTL_FAST_MATH = YES;
				SDKROOT = macosx;
				SWIFT_COMPILATION_MODE = wholemodule;
				SWIFT_OPTIMIZATION_LEVEL = "-O";
			};
			name = Release;
		};
		AAE6056923CF709000DB143D /* Debug */ = {
			isa = XCBuildConfiguration;
			buildSettings = {
				ASSETCATALOG_COMPILER_APPICON_NAME = AppIcon;
				CODE_SIGN_ENTITLEMENTS = test/test.entitlements;
				CODE_SIGN_STYLE = Automatic;
				COMBINE_HIDPI_IMAGES = YES;
				DEVELOPMENT_TEAM = 6RS5786BC8;
				ENABLE_HARDENED_RUNTIME = YES;
				INFOPLIST_FILE = test/Info.plist;
				LD_RUNPATH_SEARCH_PATHS = (
					"$(inherited)",
					"@executable_path/../Frameworks",
				);
				PRODUCT_BUNDLE_IDENTIFIER = keisuke.test;
				PRODUCT_NAME = "$(TARGET_NAME)";
				SWIFT_VERSION = 5.0;
			};
			name = Debug;
		};
		AAE6056A23CF709000DB143D /* Release */ = {
			isa = XCBuildConfiguration;
			buildSettings = {
				ASSETCATALOG_COMPILER_APPICON_NAME = AppIcon;
				CODE_SIGN_ENTITLEMENTS = test/test.entitlements;
				CODE_SIGN_STYLE = Automatic;
				COMBINE_HIDPI_IMAGES = YES;
				DEVELOPMENT_TEAM = 6RS5786BC8;
				ENABLE_HARDENED_RUNTIME = YES;
				INFOPLIST_FILE = test/Info.plist;
				LD_RUNPATH_SEARCH_PATHS = (
					"$(inherited)",
					"@executable_path/../Frameworks",
				);
				PRODUCT_BUNDLE_IDENTIFIER = keisuke.test;
				PRODUCT_NAME = "$(TARGET_NAME)";
				SWIFT_VERSION = 5.0;
			};
			name = Release;
		};
		AAE6056C23CF709000DB143D /* Debug */ = {
			isa = XCBuildConfiguration;
			buildSettings = {
				ALWAYS_EMBED_SWIFT_STANDARD_LIBRARIES = YES;
				BUNDLE_LOADER = "$(TEST_HOST)";
				CODE_SIGN_STYLE = Automatic;
				COMBINE_HIDPI_IMAGES = YES;
				DEVELOPMENT_TEAM = 6RS5786BC8;
				INFOPLIST_FILE = testTests/Info.plist;
				LD_RUNPATH_SEARCH_PATHS = (
					"$(inherited)",
					"@executable_path/../Frameworks",
					"@loader_path/../Frameworks",
				);
				MACOSX_DEPLOYMENT_TARGET = 10.15;
				PRODUCT_BUNDLE_IDENTIFIER = keisuke.testTests;
				PRODUCT_NAME = "$(TARGET_NAME)";
				SWIFT_VERSION = 5.0;
				TEST_HOST = "$(BUILT_PRODUCTS_DIR)/test.app/Contents/MacOS/test";
			};
			name = Debug;
		};
		AAE6056D23CF709000DB143D /* Release */ = {
			isa = XCBuildConfiguration;
			buildSettings = {
				ALWAYS_EMBED_SWIFT_STANDARD_LIBRARIES = YES;
				BUNDLE_LOADER = "$(TEST_HOST)";
				CODE_SIGN_STYLE = Automatic;
				COMBINE_HIDPI_IMAGES = YES;
				DEVELOPMENT_TEAM = 6RS5786BC8;
				INFOPLIST_FILE = testTests/Info.plist;
				LD_RUNPATH_SEARCH_PATHS = (
					"$(inherited)",
					"@executable_path/../Frameworks",
					"@loader_path/../Frameworks",
				);
				MACOSX_DEPLOYMENT_TARGET = 10.15;
				PRODUCT_BUNDLE_IDENTIFIER = keisuke.testTests;
				PRODUCT_NAME = "$(TARGET_NAME)";
				SWIFT_VERSION = 5.0;
				TEST_HOST = "$(BUILT_PRODUCTS_DIR)/test.app/Contents/MacOS/test";
			};
			name = Release;
		};
		AAE6056F23CF709000DB143D /* Debug */ = {
			isa = XCBuildConfiguration;
			buildSettings = {
				ALWAYS_EMBED_SWIFT_STANDARD_LIBRARIES = YES;
				CODE_SIGN_STYLE = Automatic;
				COMBINE_HIDPI_IMAGES = YES;
				DEVELOPMENT_TEAM = 6RS5786BC8;
				INFOPLIST_FILE = testUITests/Info.plist;
				LD_RUNPATH_SEARCH_PATHS = (
					"$(inherited)",
					"@executable_path/../Frameworks",
					"@loader_path/../Frameworks",
				);
				PRODUCT_BUNDLE_IDENTIFIER = keisuke.testUITests;
				PRODUCT_NAME = "$(TARGET_NAME)";
				SWIFT_VERSION = 5.0;
				TEST_TARGET_NAME = test;
			};
			name = Debug;
		};
		AAE6057023CF709000DB143D /* Release */ = {
			isa = XCBuildConfiguration;
			buildSettings = {
				ALWAYS_EMBED_SWIFT_STANDARD_LIBRARIES = YES;
				CODE_SIGN_STYLE = Automatic;
				COMBINE_HIDPI_IMAGES = YES;
				DEVELOPMENT_TEAM = 6RS5786BC8;
				INFOPLIST_FILE = testUITests/Info.plist;
				LD_RUNPATH_SEARCH_PATHS = (
					"$(inherited)",
					"@executable_path/../Frameworks",
					"@loader_path/../Frameworks",
				);
				PRODUCT_BUNDLE_IDENTIFIER = keisuke.testUITests;
				PRODUCT_NAME = "$(TARGET_NAME)";
				SWIFT_VERSION = 5.0;
				TEST_TARGET_NAME = test;
			};
			name = Release;
		};
/* End XCBuildConfiguration section */

/* Begin XCConfigurationList section */
		AAE6053D23CF708F00DB143D /* Build configuration list for PBXProject "test" */ = {
			isa = XCConfigurationList;
			buildConfigurations = (
				AAE6056623CF709000DB143D /* Debug */,
				AAE6056723CF709000DB143D /* Release */,
			);
			defaultConfigurationIsVisible = 0;
			defaultConfigurationName = Release;
		};
		AAE6056823CF709000DB143D /* Build configuration list for PBXNativeTarget "test" */ = {
			isa = XCConfigurationList;
			buildConfigurations = (
				AAE6056923CF709000DB143D /* Debug */,
				AAE6056A23CF709000DB143D /* Release */,
			);
			defaultConfigurationIsVisible = 0;
			defaultConfigurationName = Release;
		};
		AAE6056B23CF709000DB143D /* Build configuration list for PBXNativeTarget "testTests" */ = {
			isa = XCConfigurationList;
			buildConfigurations = (
				AAE6056C23CF709000DB143D /* Debug */,
				AAE6056D23CF709000DB143D /* Release */,
			);
			defaultConfigurationIsVisible = 0;
			defaultConfigurationName = Release;
		};
		AAE6056E23CF709000DB143D /* Build configuration list for PBXNativeTarget "testUITests" */ = {
			isa = XCConfigurationList;
			buildConfigurations = (
				AAE6056F23CF709000DB143D /* Debug */,
				AAE6057023CF709000DB143D /* Release */,
			);
			defaultConfigurationIsVisible = 0;
			defaultConfigurationName = Release;
		};
/* End XCConfigurationList section */
	};
	rootObject = AAE6053A23CF708F00DB143D /* Project object */;
}
